{
  "name": "sobject-to-ts-interface",
  "version": "0.0.1",
  "lockfileVersion": 1,
  "requires": true,
  "dependencies": {
    "fast-xml-parser": {
      "version": "3.13.0",
      "resolved": "https://registry.npmjs.org/fast-xml-parser/-/fast-xml-parser-3.13.0.tgz",
      "integrity": "sha512-XYXC39VjE9dH6jpp5Gm5gsuR8Z4bMz44qMpT1PmqR+iyOJMhC0LcsN81asYkHP4OkEX8TTR8d6V/caCmy8Q8jQ=="
    },
    "minimist": {
      "version": "1.2.2",
      "resolved": "https://registry.npmjs.org/minimist/-/minimist-1.2.2.tgz",
      "integrity": "sha512-rIqbOrKb8GJmx/5bc2M0QchhUouMXSpd1RTclXsB41JdL+VtnojfaJR+h7F9k18/4kHUsBFgk80Uk+q569vjPA=="
    }
  }
}
